#MicroXplorer Configuration settings - do not modify
File.Version=6
KeepUserPlacement=false
Mcu.Family=STM32L4
Mcu.IP0=I2C3
Mcu.IP1=IWDG
Mcu.IP10=USART1
Mcu.IP11=USART2
Mcu.IP2=NVIC
Mcu.IP3=RCC
Mcu.IP4=SYS
Mcu.IP5=TIM1
Mcu.IP6=TIM2
Mcu.IP7=TIM6
Mcu.IP8=TIM7
Mcu.IP9=TIM15
Mcu.IPNb=12
Mcu.Name=STM32L432K(B-C)Ux
Mcu.Package=UFQFPN32
Mcu.Pin0=PA0
Mcu.Pin1=PA1
Mcu.Pin10=PB4 (NJTRST)
Mcu.Pin11=PB6
Mcu.Pin12=PB7
Mcu.Pin13=VP_IWDG_VS_IWDG
Mcu.Pin14=VP_SYS_VS_Systick
Mcu.Pin15=VP_TIM2_VS_no_output3
Mcu.Pin16=VP_TIM2_VS_no_output4
Mcu.Pin17=VP_TIM6_VS_ClockSourceINT
Mcu.Pin18=VP_TIM6_VS_OPM
Mcu.Pin19=VP_TIM7_VS_ClockSourceINT
Mcu.Pin2=PA2
Mcu.Pin20=VP_TIM7_VS_OPM
Mcu.Pin3=PA3
Mcu.Pin4=PA5
Mcu.Pin5=PA7
Mcu.Pin6=PA8
Mcu.Pin7=PA13 (JTMS-SWDIO)
Mcu.Pin8=PA14 (JTCK-SWCLK)
Mcu.Pin9=PA15 (JTDI)
Mcu.PinsNb=21
Mcu.ThirdPartyNb=0
Mcu.UserConstants=
Mcu.UserName=STM32L432KCUx
MxCube.Version=4.24.0
MxDb.Version=DB.4.0.240
NVIC.BusFault_IRQn=true\:0\:0\:false\:false\:true\:false
NVIC.DebugMonitor_IRQn=true\:0\:0\:false\:false\:true\:false
NVIC.HardFault_IRQn=true\:0\:0\:false\:false\:true\:false
NVIC.MemoryManagement_IRQn=true\:0\:0\:false\:false\:true\:false
NVIC.NonMaskableInt_IRQn=true\:0\:0\:false\:false\:true\:false
NVIC.PendSV_IRQn=true\:0\:0\:false\:false\:true\:false
NVIC.PriorityGroup=NVIC_PRIORITYGROUP_4
NVIC.SVCall_IRQn=true\:0\:0\:false\:false\:true\:false
NVIC.SysTick_IRQn=true\:0\:0\:false\:false\:true\:false
NVIC.UsageFault_IRQn=true\:0\:0\:false\:false\:true\:false
PA0.Mode=HSE-External-Clock-Source-for-LittleOrca
PA0.Signal=RCC_CK_IN
PA1.GPIOParameters=GPIO_Label
PA1.GPIO_Label=CASTEL_PWM2
PA1.Signal=S_TIM2_CH2
PA13\ (JTMS-SWDIO).Mode=Serial_Wire
PA13\ (JTMS-SWDIO).Signal=SYS_JTMS-SWDIO
PA14\ (JTCK-SWCLK).Mode=Serial_Wire
PA14\ (JTCK-SWCLK).Signal=SYS_JTCK-SWCLK
PA15\ (JTDI).Locked=true
PA15\ (JTDI).Mode=Asynchronous
PA15\ (JTDI).Signal=USART2_RX
PA2.Locked=true
PA2.Mode=Asynchronous
PA2.Signal=USART2_TX
PA3.GPIOParameters=GPIO_Label
PA3.GPIO_Label=CASTEL_IN2
PA3.Signal=S_TIM15_CH2
PA5.GPIOParameters=GPIO_Label
PA5.GPIO_Label=CASTEL_PWM1
PA5.Signal=S_TIM2_CH1
PA7.Mode=I2C
PA7.Signal=I2C3_SCL
PA8.GPIOParameters=GPIO_Label
PA8.GPIO_Label=CASTEL_IN1
PA8.Signal=S_TIM1_CH1
PB4\ (NJTRST).Mode=I2C
PB4\ (NJTRST).Signal=I2C3_SDA
PB6.Locked=true
PB6.Mode=Asynchronous
PB6.Signal=USART1_TX
PB7.Locked=true
PB7.Mode=Asynchronous
PB7.Signal=USART1_RX
PCC.Checker=true
PCC.Line=STM32L4x2
PCC.MCU=STM32L432K(B-C)Ux
PCC.PartNumber=STM32L432KCUx
PCC.Seq0=0
PCC.Series=STM32L4
PCC.Temperature=25
PCC.Vdd=null
PinOutPanel.RotationAngle=0
RCC.FamilyName=M
RCC.HSE_VALUE=8000000
RCC.HSI48_VALUE=48000000
RCC.HSI_VALUE=16000000
RCC.IPParameters=FamilyName,HSE_VALUE,HSI48_VALUE,HSI_VALUE,LSCOPinFreq_Value,LSE_VALUE,LSI_VALUE,MSI_VALUE,PLLPoutputFreq_Value,PLLQoutputFreq_Value,PLLRCLKFreq_Value,PLLSAI1PoutputFreq_Value,PLLSAI1QoutputFreq_Value,PLLSAI1RoutputFreq_Value,SAI1Freq_Value,VCOInputFreq_Value,VCOOutputFreq_Value,VCOSAI1OutputFreq_Value
RCC.LSCOPinFreq_Value=32000
RCC.LSE_VALUE=32768
RCC.LSI_VALUE=32000
RCC.MSI_VALUE=4000000
RCC.PLLPoutputFreq_Value=4571428.571428572
RCC.PLLQoutputFreq_Value=16000000
RCC.PLLRCLKFreq_Value=16000000
RCC.PLLSAI1PoutputFreq_Value=4571428.571428572
RCC.PLLSAI1QoutputFreq_Value=16000000
RCC.PLLSAI1RoutputFreq_Value=16000000
RCC.SAI1Freq_Value=4571428.571428572
RCC.VCOInputFreq_Value=4000000
RCC.VCOOutputFreq_Value=32000000
RCC.VCOSAI1OutputFreq_Value=32000000
SH.S_TIM15_CH2.0=TIM15_CH2,Input_Capture2_from_TI2
SH.S_TIM15_CH2.ConfNb=1
SH.S_TIM1_CH1.0=TIM1_CH1,Input_Capture1_from_TI1
SH.S_TIM1_CH1.ConfNb=1
SH.S_TIM2_CH1.0=TIM2_CH1,PWM Generation1 CH1
SH.S_TIM2_CH1.ConfNb=1
SH.S_TIM2_CH2.0=TIM2_CH2,PWM Generation2 CH2
SH.S_TIM2_CH2.ConfNb=1
TIM1.Channel-Input_Capture1_from_TI1=TIM_CHANNEL_1
TIM1.IPParameters=Channel-Input_Capture1_from_TI1
TIM15.Channel-Input_Capture2_from_TI2=TIM_CHANNEL_2
TIM15.IPParameters=Channel-Input_Capture2_from_TI2
TIM2.Channel-PWM\ Generation1\ CH1=TIM_CHANNEL_1
TIM2.Channel-PWM\ Generation2\ CH2=TIM_CHANNEL_2
TIM2.Channel-PWM\ Generation3\ No\ Output=TIM_CHANNEL_3
TIM2.Channel-PWM\ Generation4\ No\ Output=TIM_CHANNEL_4
TIM2.IPParameters=Channel-PWM Generation1 CH1,Channel-PWM Generation3 No Output,Channel-PWM Generation2 CH2,Channel-PWM Generation4 No Output
USART1.IPParameters=VirtualMode-Asynchronous
USART1.VirtualMode-Asynchronous=VM_ASYNC
USART2.IPParameters=VirtualMode-Asynchronous
USART2.VirtualMode-Asynchronous=VM_ASYNC
VP_IWDG_VS_IWDG.Mode=IWDG_Activate
VP_IWDG_VS_IWDG.Signal=IWDG_VS_IWDG
VP_SYS_VS_Systick.Mode=SysTick
VP_SYS_VS_Systick.Signal=SYS_VS_Systick
VP_TIM2_VS_no_output3.Mode=PWM Generation3 No Output
VP_TIM2_VS_no_output3.Signal=TIM2_VS_no_output3
VP_TIM2_VS_no_output4.Mode=PWM Generation4 No Output
VP_TIM2_VS_no_output4.Signal=TIM2_VS_no_output4
VP_TIM6_VS_ClockSourceINT.Mode=Enable_Timer
VP_TIM6_VS_ClockSourceINT.Signal=TIM6_VS_ClockSourceINT
VP_TIM6_VS_OPM.Mode=OPM_bit
VP_TIM6_VS_OPM.Signal=TIM6_VS_OPM
VP_TIM7_VS_ClockSourceINT.Mode=Enable_Timer
VP_TIM7_VS_ClockSourceINT.Signal=TIM7_VS_ClockSourceINT
VP_TIM7_VS_OPM.Mode=OPM_bit
VP_TIM7_VS_OPM.Signal=TIM7_VS_OPM
